
Microsoft Visual Studio Solution File, Format Version 12.00
# Visual Studio Version 17
VisualStudioVersion = 17.3.32901.215
MinimumVisualStudioVersion = 10.0.40219.1
Project("{FAE04EC0-301F-11D3-BF4B-00C04F79EFBC}") = "Task2", "Task2\Task2.csproj", "{9E964E4E-F2F9-4F05-929D-C9F9E798EAF3}"
EndProject
Project("{FAE04EC0-301F-11D3-BF4B-00C04F79EFBC}") = "TestProject1", "TestProject1\TestProject1.csproj", "{13ADF436-38B8-4FC9-B2D5-42F6D22B06A7}"
EndProject
Project("{FAE04EC0-301F-11D3-BF4B-00C04F79EFBC}") = "TestProject2", "TestProject2\TestProject2.csproj", "{A8887E2F-1D01-4C73-9A2C-280E2DBCB6FA}"
EndProject
Global
	GlobalSection(SolutionConfigurationPlatforms) = preSolution
		Debug|Any CPU = Debug|Any CPU
		Release|Any CPU = Release|Any CPU
	EndGlobalSection
	GlobalSection(ProjectConfigurationPlatforms) = postSolution
		{9E964E4E-F2F9-4F05-929D-C9F9E798EAF3}.Debug|Any CPU.ActiveCfg = Debug|Any CPU
		{9E964E4E-F2F9-4F05-929D-C9F9E798EAF3}.Debug|Any CPU.Build.0 = Debug|Any CPU
		{9E964E4E-F2F9-4F05-929D-C9F9E798EAF3}.Release|Any CPU.ActiveCfg = Release|Any CPU
		{9E964E4E-F2F9-4F05-929D-C9F9E798EAF3}.Release|Any CPU.Build.0 = Release|Any CPU
		{13ADF436-38B8-4FC9-B2D5-42F6D22B06A7}.Debug|Any CPU.ActiveCfg = Debug|Any CPU
		{13ADF436-38B8-4FC9-B2D5-42F6D22B06A7}.Debug|Any CPU.Build.0 = Debug|Any CPU
		{13ADF436-38B8-4FC9-B2D5-42F6D22B06A7}.Release|Any CPU.ActiveCfg = Release|Any CPU
		{13ADF436-38B8-4FC9-B2D5-42F6D22B06A7}.Release|Any CPU.Build.0 = Release|Any CPU
		{A8887E2F-1D01-4C73-9A2C-280E2DBCB6FA}.Debug|Any CPU.ActiveCfg = Debug|Any CPU
		{A8887E2F-1D01-4C73-9A2C-280E2DBCB6FA}.Debug|Any CPU.Build.0 = Debug|Any CPU
		{A8887E2F-1D01-4C73-9A2C-280E2DBCB6FA}.Release|Any CPU.ActiveCfg = Release|Any CPU
		{A8887E2F-1D01-4C73-9A2C-280E2DBCB6FA}.Release|Any CPU.Build.0 = Release|Any CPU
	EndGlobalSection
	GlobalSection(SolutionProperties) = preSolution
		HideSolutionNode = FALSE
	EndGlobalSection
	GlobalSection(ExtensibilityGlobals) = postSolution
		SolutionGuid = {F74A4141-C3CD-4CBA-893D-5EFEFDAFC5CD}
	EndGlobalSection
EndGlobal
